// !$*UTF8*$!
{
	archiveVersion = 1;
	classes = {
	};
	objectVersion = 50;
	objects = {

/* Begin PBXBuildFile section */
		2802391D254A41C70013921C /* AppDelegate.swift in Sources */ = {isa = PBXBuildFile; fileRef = 2802391C254A41C70013921C /* AppDelegate.swift */; };
		2802391F254A41C70013921C /* SceneDelegate.swift in Sources */ = {isa = PBXBuildFile; fileRef = 2802391E254A41C70013921C /* SceneDelegate.swift */; };
		28023924254A41C70013921C /* Main.storyboard in Resources */ = {isa = PBXBuildFile; fileRef = 28023922254A41C70013921C /* Main.storyboard */; };
		28023926254A41C90013921C /* Assets.xcassets in Resources */ = {isa = PBXBuildFile; fileRef = 28023925254A41C90013921C /* Assets.xcassets */; };
		28023929254A41C90013921C /* LaunchScreen.storyboard in Resources */ = {isa = PBXBuildFile; fileRef = 28023927254A41C90013921C /* LaunchScreen.storyboard */; };
		28023935254A48500013921C /* CollectionViewCell.swift in Sources */ = {isa = PBXBuildFile; fileRef = 28023934254A48500013921C /* CollectionViewCell.swift */; };
		2802393C254A4BBE0013921C /* InsetCollectionViewController.swift in Sources */ = {isa = PBXBuildFile; fileRef = 2802393B254A4BBE0013921C /* InsetCollectionViewController.swift */; };
		2802393F254A4C2F0013921C /* ColorImg.swift in Sources */ = {isa = PBXBuildFile; fileRef = 2802393E254A4C2F0013921C /* ColorImg.swift */; };
		28BCEA5825511EF500FD5892 /* BannerCarouselViewController.swift in Sources */ = {isa = PBXBuildFile; fileRef = 28BCEA5725511EF500FD5892 /* BannerCarouselViewController.swift */; };
		2ACA83F32552457200925037 /* CenterCarouselViewController.swift in Sources */ = {isa = PBXBuildFile; fileRef = 2ACA83F22552457200925037 /* CenterCarouselViewController.swift */; };
/* End PBXBuildFile section */

/* Begin PBXFileReference section */
		28023919254A41C70013921C /* EUNCAROUSEL.app */ = {isa = PBXFileReference; explicitFileType = wrapper.application; includeInIndex = 0; path = EUNCAROUSEL.app; sourceTree = BUILT_PRODUCTS_DIR; };
		2802391C254A41C70013921C /* AppDelegate.swift */ = {isa = PBXFileReference; lastKnownFileType = sourcecode.swift; path = AppDelegate.swift; sourceTree = "<group>"; };
		2802391E254A41C70013921C /* SceneDelegate.swift */ = {isa = PBXFileReference; lastKnownFileType = sourcecode.swift; path = SceneDelegate.swift; sourceTree = "<group>"; };
		28023923254A41C70013921C /* Base */ = {isa = PBXFileReference; lastKnownFileType = file.storyboard; name = Base; path = Base.lproj/Main.storyboard; sourceTree = "<group>"; };
		28023925254A41C90013921C /* Assets.xcassets */ = {isa = PBXFileReference; lastKnownFileType = folder.assetcatalog; path = Assets.xcassets; sourceTree = "<group>"; };
		28023928254A41C90013921C /* Base */ = {isa = PBXFileReference; lastKnownFileType = file.storyboard; name = Base; path = Base.lproj/LaunchScreen.storyboard; sourceTree = "<group>"; };
		2802392A254A41C90013921C /* Info.plist */ = {isa = PBXFileReference; lastKnownFileType = text.plist.xml; path = Info.plist; sourceTree = "<group>"; };
		28023934254A48500013921C /* CollectionViewCell.swift */ = {isa = PBXFileReference; lastKnownFileType = sourcecode.swift; path = CollectionViewCell.swift; sourceTree = "<group>"; };
		2802393B254A4BBE0013921C /* InsetCollectionViewController.swift */ = {isa = PBXFileReference; lastKnownFileType = sourcecode.swift; path = InsetCollectionViewController.swift; sourceTree = "<group>"; };
		2802393E254A4C2F0013921C /* ColorImg.swift */ = {isa = PBXFileReference; lastKnownFileType = sourcecode.swift; path = ColorImg.swift; sourceTree = "<group>"; };
		28BCEA5725511EF500FD5892 /* BannerCarouselViewController.swift */ = {isa = PBXFileReference; fileEncoding = 4; lastKnownFileType = sourcecode.swift; path = BannerCarouselViewController.swift; sourceTree = "<group>"; };
		2ACA83F22552457200925037 /* CenterCarouselViewController.swift */ = {isa = PBXFileReference; lastKnownFileType = sourcecode.swift; path = CenterCarouselViewController.swift; sourceTree = "<group>"; };
/* End PBXFileReference section */

/* Begin PBXFrameworksBuildPhase section */
		28023916254A41C70013921C /* Frameworks */ = {
			isa = PBXFrameworksBuildPhase;
			buildActionMask = 2147483647;
			files = (
			);
			runOnlyForDeploymentPostprocessing = 0;
		};
/* End PBXFrameworksBuildPhase section */

/* Begin PBXGroup section */
		28023910254A41C70013921C = {
			isa = PBXGroup;
			children = (
				2802391B254A41C70013921C /* EUNCAROUSEL */,
				2802391A254A41C70013921C /* Products */,
			);
			sourceTree = "<group>";
		};
		2802391A254A41C70013921C /* Products */ = {
			isa = PBXGroup;
			children = (
				28023919254A41C70013921C /* EUNCAROUSEL.app */,
			);
			name = Products;
			sourceTree = "<group>";
		};
		2802391B254A41C70013921C /* EUNCAROUSEL */ = {
			isa = PBXGroup;
			children = (
				2ACA83E325523D6100925037 /* centerCarousel */,
				28BCEA4C2551114D00FD5892 /* bannerCarousel */,
				28023932254A464D0013921C /* insetCarousel */,
				2802391C254A41C70013921C /* AppDelegate.swift */,
				2802391E254A41C70013921C /* SceneDelegate.swift */,
				28023922254A41C70013921C /* Main.storyboard */,
				28023934254A48500013921C /* CollectionViewCell.swift */,
				28023925254A41C90013921C /* Assets.xcassets */,
				28023927254A41C90013921C /* LaunchScreen.storyboard */,
				2802392A254A41C90013921C /* Info.plist */,
				2802393E254A4C2F0013921C /* ColorImg.swift */,
			);
			path = EUNCAROUSEL;
			sourceTree = "<group>";
		};
		28023932254A464D0013921C /* insetCarousel */ = {
			isa = PBXGroup;
			children = (
				2802393B254A4BBE0013921C /* InsetCollectionViewController.swift */,
			);
			path = insetCarousel;
			sourceTree = "<group>";
		};
		28BCEA4C2551114D00FD5892 /* bannerCarousel */ = {
			isa = PBXGroup;
			children = (
				28BCEA5725511EF500FD5892 /* BannerCarouselViewController.swift */,
			);
			path = bannerCarousel;
			sourceTree = "<group>";
		};
		2ACA83E325523D6100925037 /* centerCarousel */ = {
			isa = PBXGroup;
			children = (
				2ACA83F22552457200925037 /* CenterCarouselViewController.swift */,
			);
			path = centerCarousel;
			sourceTree = "<group>";
		};
/* End PBXGroup section */

/* Begin PBXNativeTarget section */
		28023918254A41C70013921C /* EUNCAROUSEL */ = {
			isa = PBXNativeTarget;
			buildConfigurationList = 2802392D254A41C90013921C /* Build configuration list for PBXNativeTarget "EUNCAROUSEL" */;
			buildPhases = (
				28023915254A41C70013921C /* Sources */,
				28023916254A41C70013921C /* Frameworks */,
				28023917254A41C70013921C /* Resources */,
			);
			buildRules = (
			);
			dependencies = (
			);
			name = EUNCAROUSEL;
			productName = EUNCAROUSEL;
			productReference = 28023919254A41C70013921C /* EUNCAROUSEL.app */;
			productType = "com.apple.product-type.application";
		};
/* End PBXNativeTarget section */

/* Begin PBXProject section */
		28023911254A41C70013921C /* Project object */ = {
			isa = PBXProject;
			attributes = {
				LastSwiftUpdateCheck = 1200;
				LastUpgradeCheck = 1200;
				TargetAttributes = {
					28023918254A41C70013921C = {
						CreatedOnToolsVersion = 12.0;
					};
				};
			};
			buildConfigurationList = 28023914254A41C70013921C /* Build configuration list for PBXProject "EUNCAROUSEL" */;
			compatibilityVersion = "Xcode 9.3";
			developmentRegion = en;
			hasScannedForEncodings = 0;
			knownRegions = (
				en,
				Base,
			);
			mainGroup = 28023910254A41C70013921C;
			productRefGroup = 2802391A254A41C70013921C /* Products */;
			projectDirPath = "";
			projectRoot = "";
			targets = (
				28023918254A41C70013921C /* EUNCAROUSEL */,
			);
		};
/* End PBXProject section */

/* Begin PBXResourcesBuildPhase section */
		28023917254A41C70013921C /* Resources */ = {
			isa = PBXResourcesBuildPhase;
			buildActionMask = 2147483647;
			files = (
				28023929254A41C90013921C /* LaunchScreen.storyboard in Resources */,
				28023926254A41C90013921C /* Assets.xcassets in Resources */,
				28023924254A41C70013921C /* Main.storyboard in Resources */,
			);
			runOnlyForDeploymentPostprocessing = 0;
		};
/* End PBXResourcesBuildPhase section */

/* Begin PBXSourcesBuildPhase section */
		28023915254A41C70013921C /* Sources */ = {
			isa = PBXSourcesBuildPhase;
			buildActionMask = 2147483647;
			files = (
				2802393C254A4BBE0013921C /* InsetCollectionViewController.swift in Sources */,
				2ACA83F32552457200925037 /* CenterCarouselViewController.swift in Sources */,
				2802393F254A4C2F0013921C /* ColorImg.swift in Sources */,
				2802391D254A41C70013921C /* AppDelegate.swift in Sources */,
				2802391F254A41C70013921C /* SceneDelegate.swift in Sources */,
				28023935254A48500013921C /* CollectionViewCell.swift in Sources */,
				28BCEA5825511EF500FD5892 /* BannerCarouselViewController.swift in Sources */,
			);
			runOnlyForDeploymentPostprocessing = 0;
		};
/* End PBXSourcesBuildPhase section */

/* Begin PBXVariantGroup section */
		28023922254A41C70013921C /* Main.storyboard */ = {
			isa = PBXVariantGroup;
			children = (
				28023923254A41C70013921C /* Base */,
			);
			name = Main.storyboard;
			sourceTree = "<group>";
		};
		28023927254A41C90013921C /* LaunchScreen.storyboard */ = {
			isa = PBXVariantGroup;
			children = (
				28023928254A41C90013921C /* Base */,
			);
			name = LaunchScreen.storyboard;
			sourceTree = "<group>";
		};
/* End PBXVariantGroup section */

/* Begin XCBuildConfiguration section */
		2802392B254A41C90013921C /* Debug */ = {
			isa = XCBuildConfiguration;
			buildSettings = {
				ALWAYS_SEARCH_USER_PATHS = NO;
				CLANG_ANALYZER_NONNULL = YES;
				CLANG_ANALYZER_NUMBER_OBJECT_CONVERSION = YES_AGGRESSIVE;
				CLANG_CXX_LANGUAGE_STANDARD = "gnu++14";
				CLANG_CXX_LIBRARY = "libc++";
				CLANG_ENABLE_MODULES = YES;
				CLANG_ENABLE_OBJC_ARC = YES;
				CLANG_ENABLE_OBJC_WEAK = YES;
				CLANG_WARN_BLOCK_CAPTURE_AUTORELEASING = YES;
				CLANG_WARN_BOOL_CONVERSION = YES;
				CLANG_WARN_COMMA = YES;
				CLANG_WARN_CONSTANT_CONVERSION = YES;
				CLANG_WARN_DEPRECATED_OBJC_IMPLEMENTATIONS = YES;
				CLANG_WARN_DIRECT_OBJC_ISA_USAGE = YES_ERROR;
				CLANG_WARN_DOCUMENTATION_COMMENTS = YES;
				CLANG_WARN_EMPTY_BODY = YES;
				CLANG_WARN_ENUM_CONVERSION = YES;
				CLANG_WARN_INFINITE_RECURSION = YES;
				CLANG_WARN_INT_CONVERSION = YES;
				CLANG_WARN_NON_LITERAL_NULL_CONVERSION = YES;
				CLANG_WARN_OBJC_IMPLICIT_RETAIN_SELF = YES;
				CLANG_WARN_OBJC_LITERAL_CONVERSION = YES;
				CLANG_WARN_OBJC_ROOT_CLASS = YES_ERROR;
				CLANG_WARN_QUOTED_INCLUDE_IN_FRAMEWORK_HEADER = YES;
				CLANG_WARN_RANGE_LOOP_ANALYSIS = YES;
				CLANG_WARN_STRICT_PROTOTYPES = YES;
				CLANG_WARN_SUSPICIOUS_MOVE = YES;
				CLANG_WARN_UNGUARDED_AVAILABILITY = YES_AGGRESSIVE;
				CLANG_WARN_UNREACHABLE_CODE = YES;
				CLANG_WARN__DUPLICATE_METHOD_MATCH = YES;
				COPY_PHASE_STRIP = NO;
				DEBUG_INFORMATION_FORMAT = dwarf;
				ENABLE_STRICT_OBJC_MSGSEND = YES;
				ENABLE_TESTABILITY = YES;
				GCC_C_LANGUAGE_STANDARD = gnu11;
				GCC_DYNAMIC_NO_PIC = NO;
				GCC_NO_COMMON_BLOCKS = YES;
				GCC_OPTIMIZATION_LEVEL = 0;
				GCC_PREPROCESSOR_DEFINITIONS = (
					"DEBUG=1",
					"$(inherited)",
				);
				GCC_WARN_64_TO_32_BIT_CONVERSION = YES;
				GCC_WARN_ABOUT_RETURN_TYPE = YES_ERROR;
				GCC_WARN_UNDECLARED_SELECTOR = YES;
				GCC_WARN_UNINITIALIZED_AUTOS = YES_AGGRESSIVE;
				GCC_WARN_UNUSED_FUNCTION = YES;
				GCC_WARN_UNUSED_VARIABLE = YES;
				IPHONEOS_DEPLOYMENT_TARGET = 14.0;
				MTL_ENABLE_DEBUG_INFO = INCLUDE_SOURCE;
				MTL_FAST_MATH = YES;
				ONLY_ACTIVE_ARCH = YES;
				SDKROOT = iphoneos;
				SWIFT_ACTIVE_COMPILATION_CONDITIONS = DEBUG;
				SWIFT_OPTIMIZATION_LEVEL = "-Onone";
			};
			name = Debug;
		};
		2802392C254A41C90013921C /* Release */ = {
			isa = XCBuildConfiguration;
			buildSettings = {
				ALWAYS_SEARCH_USER_PATHS = NO;
				CLANG_ANALYZER_NONNULL = YES;
				CLANG_ANALYZER_NUMBER_OBJECT_CONVERSION = YES_AGGRESSIVE;
				CLANG_CXX_LANGUAGE_STANDARD = "gnu++14";
				CLANG_CXX_LIBRARY = "libc++";
				CLANG_ENABLE_MODULES = YES;
				CLANG_ENABLE_OBJC_ARC = YES;
				CLANG_ENABLE_OBJC_WEAK = YES;
				CLANG_WARN_BLOCK_CAPTURE_AUTORELEASING = YES;
				CLANG_WARN_BOOL_CONVERSION = YES;
				CLANG_WARN_COMMA = YES;
				CLANG_WARN_CONSTANT_CONVERSION = YES;
				CLANG_WARN_DEPRECATED_OBJC_IMPLEMENTATIONS = YES;
				CLANG_WARN_DIRECT_OBJC_ISA_USAGE = YES_ERROR;
				CLANG_WARN_DOCUMENTATION_COMMENTS = YES;
				CLANG_WARN_EMPTY_BODY = YES;
				CLANG_WARN_ENUM_CONVERSION = YES;
				CLANG_WARN_INFINITE_RECURSION = YES;
				CLANG_WARN_INT_CONVERSION = YES;
				CLANG_WARN_NON_LITERAL_NULL_CONVERSION = YES;
				CLANG_WARN_OBJC_IMPLICIT_RETAIN_SELF = YES;
				CLANG_WARN_OBJC_LITERAL_CONVERSION = YES;
				CLANG_WARN_OBJC_ROOT_CLASS = YES_ERROR;
				CLANG_WARN_QUOTED_INCLUDE_IN_FRAMEWORK_HEADER = YES;
				CLANG_WARN_RANGE_LOOP_ANALYSIS = YES;
				CLANG_WARN_STRICT_PROTOTYPES = YES;
				CLANG_WARN_SUSPICIOUS_MOVE = YES;
				CLANG_WARN_UNGUARDED_AVAILABILITY = YES_AGGRESSIVE;
				CLANG_WARN_UNREACHABLE_CODE = YES;
				CLANG_WARN__DUPLICATE_METHOD_MATCH = YES;
				COPY_PHASE_STRIP = NO;
				DEBUG_INFORMATION_FORMAT = "dwarf-with-dsym";
				ENABLE_NS_ASSERTIONS = NO;
				ENABLE_STRICT_OBJC_MSGSEND = YES;
				GCC_C_LANGUAGE_STANDARD = gnu11;
				GCC_NO_COMMON_BLOCKS = YES;
				GCC_WARN_64_TO_32_BIT_CONVERSION = YES;
				GCC_WARN_ABOUT_RETURN_TYPE = YES_ERROR;
				GCC_WARN_UNDECLARED_SELECTOR = YES;
				GCC_WARN_UNINITIALIZED_AUTOS = YES_AGGRESSIVE;
				GCC_WARN_UNUSED_FUNCTION = YES;
				GCC_WARN_UNUSED_VARIABLE = YES;
				IPHONEOS_DEPLOYMENT_TARGET = 14.0;
				MTL_ENABLE_DEBUG_INFO = NO;
				MTL_FAST_MATH = YES;
				SDKROOT = iphoneos;
				SWIFT_COMPILATION_MODE = wholemodule;
				SWIFT_OPTIMIZATION_LEVEL = "-O";
				VALIDATE_PRODUCT = YES;
			};
			name = Release;
		};
		2802392E254A41C90013921C /* Debug */ = {
			isa = XCBuildConfiguration;
			buildSettings = {
				ASSETCATALOG_COMPILER_APPICON_NAME = AppIcon;
				ASSETCATALOG_COMPILER_GLOBAL_ACCENT_COLOR_NAME = AccentColor;
				CODE_SIGN_STYLE = Automatic;
				DEVELOPMENT_TEAM = B5VE639J3N;
				INFOPLIST_FILE = EUNCAROUSEL/Info.plist;
				LD_RUNPATH_SEARCH_PATHS = (
					"$(inherited)",
					"@executable_path/Frameworks",
				);
				PRODUCT_BUNDLE_IDENTIFIER = com.cute.eunyeong.EUNCAROUSEL;
				PRODUCT_NAME = "$(TARGET_NAME)";
				SWIFT_VERSION = 5.0;
				TARGETED_DEVICE_FAMILY = "1,2";
			};
			name = Debug;
		};
		2802392F254A41C90013921C /* Release */ = {
			isa = XCBuildConfiguration;
			buildSettings = {
				ASSETCATALOG_COMPILER_APPICON_NAME = AppIcon;
				ASSETCATALOG_COMPILER_GLOBAL_ACCENT_COLOR_NAME = AccentColor;
				CODE_SIGN_STYLE = Automatic;
				DEVELOPMENT_TEAM = B5VE639J3N;
				INFOPLIST_FILE = EUNCAROUSEL/Info.plist;
				LD_RUNPATH_SEARCH_PATHS = (
					"$(inherited)",
					"@executable_path/Frameworks",
				);
				PRODUCT_BUNDLE_IDENTIFIER = com.cute.eunyeong.EUNCAROUSEL;
				PRODUCT_NAME = "$(TARGET_NAME)";
				SWIFT_VERSION = 5.0;
				TARGETED_DEVICE_FAMILY = "1,2";
			};
			name = Release;
		};
/* End XCBuildConfiguration section */

/* Begin XCConfigurationList section */
		28023914254A41C70013921C /* Build configuration list for PBXProject "EUNCAROUSEL" */ = {
			isa = XCConfigurationList;
			buildConfigurations = (
				2802392B254A41C90013921C /* Debug */,
				2802392C254A41C90013921C /* Release */,
			);
			defaultConfigurationIsVisible = 0;
			defaultConfigurationName = Release;
		};
		2802392D254A41C90013921C /* Build configuration list for PBXNativeTarget "EUNCAROUSEL" */ = {
			isa = XCConfigurationList;
			buildConfigurations = (
				2802392E254A41C90013921C /* Debug */,
				2802392F254A41C90013921C /* Release */,
			);
			defaultConfigurationIsVisible = 0;
			defaultConfigurationName = Release;
		};
/* End XCConfigurationList section */
	};
	rootObject = 28023911254A41C70013921C /* Project object */;
}
